
Microsoft Visual Studio Solution File, Format Version 12.00
# Visual Studio Version 16
VisualStudioVersion = 16.0.29230.47
MinimumVisualStudioVersion = 10.0.40219.1
Project("{FAE04EC0-301F-11D3-BF4B-00C04F79EFBC}") = "RappiFarmacia.Android", "RappiFarmacia.Android\RappiFarmacia.Android.csproj", "{2866247F-C48C-452A-87C2-8EC6252459FD}"
EndProject
Project("{FAE04EC0-301F-11D3-BF4B-00C04F79EFBC}") = "RappiFarmacia", "RappiFarmacia\RappiFarmacia.csproj", "{98D2CE88-12D6-4861-8704-8991999B14F0}"
EndProject
Project("{FAE04EC0-301F-11D3-BF4B-00C04F79EFBC}") = "RappiFarmacia.Domain", "..\RappiFarmacia.Domain\RappiFarmacia.Domain.csproj", "{1053C154-1549-4ED0-9C0A-B33936966B9E}"
EndProject
Global
	GlobalSection(SolutionConfigurationPlatforms) = preSolution
		Debug|Any CPU = Debug|Any CPU
		Release|Any CPU = Release|Any CPU
	EndGlobalSection
	GlobalSection(ProjectConfigurationPlatforms) = postSolution
		{2866247F-C48C-452A-87C2-8EC6252459FD}.Debug|Any CPU.ActiveCfg = Debug|Any CPU
		{2866247F-C48C-452A-87C2-8EC6252459FD}.Debug|Any CPU.Build.0 = Debug|Any CPU
		{2866247F-C48C-452A-87C2-8EC6252459FD}.Debug|Any CPU.Deploy.0 = Debug|Any CPU
		{2866247F-C48C-452A-87C2-8EC6252459FD}.Release|Any CPU.ActiveCfg = Release|Any CPU
		{2866247F-C48C-452A-87C2-8EC6252459FD}.Release|Any CPU.Build.0 = Release|Any CPU
		{2866247F-C48C-452A-87C2-8EC6252459FD}.Release|Any CPU.Deploy.0 = Release|Any CPU
		{98D2CE88-12D6-4861-8704-8991999B14F0}.Debug|Any CPU.ActiveCfg = Debug|Any CPU
		{98D2CE88-12D6-4861-8704-8991999B14F0}.Debug|Any CPU.Build.0 = Debug|Any CPU
		{98D2CE88-12D6-4861-8704-8991999B14F0}.Debug|Any CPU.Deploy.0 = Debug|Any CPU
		{98D2CE88-12D6-4861-8704-8991999B14F0}.Release|Any CPU.ActiveCfg = Release|Any CPU
		{98D2CE88-12D6-4861-8704-8991999B14F0}.Release|Any CPU.Build.0 = Release|Any CPU
		{98D2CE88-12D6-4861-8704-8991999B14F0}.Release|Any CPU.Deploy.0 = Release|Any CPU
		{1053C154-1549-4ED0-9C0A-B33936966B9E}.Debug|Any CPU.ActiveCfg = Debug|Any CPU
		{1053C154-1549-4ED0-9C0A-B33936966B9E}.Debug|Any CPU.Build.0 = Debug|Any CPU
		{1053C154-1549-4ED0-9C0A-B33936966B9E}.Release|Any CPU.ActiveCfg = Release|Any CPU
		{1053C154-1549-4ED0-9C0A-B33936966B9E}.Release|Any CPU.Build.0 = Release|Any CPU
	EndGlobalSection
	GlobalSection(SolutionProperties) = preSolution
		HideSolutionNode = FALSE
	EndGlobalSection
	GlobalSection(ExtensibilityGlobals) = postSolution
		SolutionGuid = {811E634D-B5D2-4135-938F-99C5235DB16A}
	EndGlobalSection
EndGlobal
